
Microsoft Visual Studio Solution File, Format Version 12.00
# Visual Studio Version 17
VisualStudioVersion = 17.0.31912.275
MinimumVisualStudioVersion = 10.0.40219.1
Project("{9A19103F-16F7-4668-BE54-9A1E7A4F7556}") = "KampIntro", "KampIntro\KampIntro.csproj", "{8B12AB51-AB2E-45D2-8C37-C5702A3CD0A1}"
EndProject
Project("{9A19103F-16F7-4668-BE54-9A1E7A4F7556}") = "Donguler", "Donguler\Donguler.csproj", "{3B094FAE-87BC-4B04-AD6C-71C2FCA47F99}"
EndProject
Project("{9A19103F-16F7-4668-BE54-9A1E7A4F7556}") = "classintro", "classintro\classintro.csproj", "{C3E6BF3D-9715-46F4-8E18-50D4343CAEE6}"
EndProject
Project("{9A19103F-16F7-4668-BE54-9A1E7A4F7556}") = "Metotlar", "Metotlar\Metotlar.csproj", "{E2D59640-DC1A-4451-AD0C-85A3F4B82A59}"
EndProject
Project("{9A19103F-16F7-4668-BE54-9A1E7A4F7556}") = "Matematik", "Matematik\Matematik.csproj", "{3FCC23A4-5FC4-468E-B7AA-74EFCC9A8937}"
EndProject
Project("{9A19103F-16F7-4668-BE54-9A1E7A4F7556}") = "DegerVeReferansTipler", "DegerVeReferansTipler\DegerVeReferansTipler.csproj", "{9A82844C-D5AE-4C64-BE4F-63DF48F67191}"
EndProject
Project("{9A19103F-16F7-4668-BE54-9A1E7A4F7556}") = "OOP1", "OOP1\OOP1.csproj", "{373D86AD-7DBC-477E-95BE-0EAF78AA966A}"
EndProject
Project("{9A19103F-16F7-4668-BE54-9A1E7A4F7556}") = "Koleksiyonlar", "Koleksiyonlar\Koleksiyonlar.csproj", "{B9EE68E0-445F-4BA1-9050-162F3F2A3C0B}"
EndProject
Project("{9A19103F-16F7-4668-BE54-9A1E7A4F7556}") = "GenericsIntro", "GenericsIntro\GenericsIntro.csproj", "{369EAAE3-68BC-428C-98DF-2925B37680AC}"
EndProject
Project("{9A19103F-16F7-4668-BE54-9A1E7A4F7556}") = "Ödev1", "Ödev1\Ödev1.csproj", "{E3826AAE-403F-4FF3-B7E0-3F63E6954947}"
EndProject
Project("{9A19103F-16F7-4668-BE54-9A1E7A4F7556}") = "ListingPractice", "ListingPractice\ListingPractice.csproj", "{ABCE3037-83D8-4C83-83D2-EE551B15609B}"
EndProject
Project("{9A19103F-16F7-4668-BE54-9A1E7A4F7556}") = "ClassMetotDemo", "ClassMetotDemo\ClassMetotDemo.csproj", "{AD1AB333-7013-473C-ABE4-C08D9EA4AF59}"
EndProject
Project("{9A19103F-16F7-4668-BE54-9A1E7A4F7556}") = "ReferanceTypes", "ReferanceTypes\ReferanceTypes.csproj", "{1842CA1E-1A6B-44A8-BA11-06D112AE4AF1}"
EndProject
Project("{9A19103F-16F7-4668-BE54-9A1E7A4F7556}") = "Constructors", "Constructors\Constructors.csproj", "{DA4A6187-8D03-4A80-80C6-BCFD39D314EA}"
EndProject
Project("{9A19103F-16F7-4668-BE54-9A1E7A4F7556}") = "Generics", "Generics\Generics.csproj", "{BCCDB6CE-092B-4B24-8F46-AAC0293BAA3F}"
EndProject
Project("{9A19103F-16F7-4668-BE54-9A1E7A4F7556}") = "MyDictonary", "MyList\MyDictonary.csproj", "{41D3E156-7D9A-420C-B5B6-444F15F13054}"
EndProject
Project("{9A19103F-16F7-4668-BE54-9A1E7A4F7556}") = "Oop2", "Oop2\Oop2.csproj", "{76B5DF27-AFC7-4872-98E7-C68D44F0A9AE}"
EndProject
Project("{9A19103F-16F7-4668-BE54-9A1E7A4F7556}") = "OOP3", "OOP3\OOP3.csproj", "{43074904-8590-40DD-8973-AB6B4CD9FF0E}"
EndProject
Project("{FAE04EC0-301F-11D3-BF4B-00C04F79EFBC}") = "RecapDemo1", "RecapDemo1\RecapDemo1.csproj", "{9003BE36-2536-4F74-B4B5-E887FC3AD08F}"
EndProject
Project("{9A19103F-16F7-4668-BE54-9A1E7A4F7556}") = "Interfaces", "Interfaces\Interfaces.csproj", "{7233DC8B-08B5-4D57-99E5-146424171AE5}"
EndProject
Project("{FAE04EC0-301F-11D3-BF4B-00C04F79EFBC}") = "Inheritance", "Inheritance\Inheritance.csproj", "{B9B2348A-C03C-43A9-820C-739506C4A3FB}"
EndProject
Global
	GlobalSection(SolutionConfigurationPlatforms) = preSolution
		Debug|Any CPU = Debug|Any CPU
		Release|Any CPU = Release|Any CPU
	EndGlobalSection
	GlobalSection(ProjectConfigurationPlatforms) = postSolution
		{8B12AB51-AB2E-45D2-8C37-C5702A3CD0A1}.Debug|Any CPU.ActiveCfg = Debug|Any CPU
		{8B12AB51-AB2E-45D2-8C37-C5702A3CD0A1}.Debug|Any CPU.Build.0 = Debug|Any CPU
		{8B12AB51-AB2E-45D2-8C37-C5702A3CD0A1}.Release|Any CPU.ActiveCfg = Release|Any CPU
		{8B12AB51-AB2E-45D2-8C37-C5702A3CD0A1}.Release|Any CPU.Build.0 = Release|Any CPU
		{3B094FAE-87BC-4B04-AD6C-71C2FCA47F99}.Debug|Any CPU.ActiveCfg = Debug|Any CPU
		{3B094FAE-87BC-4B04-AD6C-71C2FCA47F99}.Debug|Any CPU.Build.0 = Debug|Any CPU
		{3B094FAE-87BC-4B04-AD6C-71C2FCA47F99}.Release|Any CPU.ActiveCfg = Release|Any CPU
		{3B094FAE-87BC-4B04-AD6C-71C2FCA47F99}.Release|Any CPU.Build.0 = Release|Any CPU
		{C3E6BF3D-9715-46F4-8E18-50D4343CAEE6}.Debug|Any CPU.ActiveCfg = Debug|Any CPU
		{C3E6BF3D-9715-46F4-8E18-50D4343CAEE6}.Debug|Any CPU.Build.0 = Debug|Any CPU
		{C3E6BF3D-9715-46F4-8E18-50D4343CAEE6}.Release|Any CPU.ActiveCfg = Release|Any CPU
		{C3E6BF3D-9715-46F4-8E18-50D4343CAEE6}.Release|Any CPU.Build.0 = Release|Any CPU
		{E2D59640-DC1A-4451-AD0C-85A3F4B82A59}.Debug|Any CPU.ActiveCfg = Debug|Any CPU
		{E2D59640-DC1A-4451-AD0C-85A3F4B82A59}.Debug|Any CPU.Build.0 = Debug|Any CPU
		{E2D59640-DC1A-4451-AD0C-85A3F4B82A59}.Release|Any CPU.ActiveCfg = Release|Any CPU
		{E2D59640-DC1A-4451-AD0C-85A3F4B82A59}.Release|Any CPU.Build.0 = Release|Any CPU
		{3FCC23A4-5FC4-468E-B7AA-74EFCC9A8937}.Debug|Any CPU.ActiveCfg = Debug|Any CPU
		{3FCC23A4-5FC4-468E-B7AA-74EFCC9A8937}.Debug|Any CPU.Build.0 = Debug|Any CPU
		{3FCC23A4-5FC4-468E-B7AA-74EFCC9A8937}.Release|Any CPU.ActiveCfg = Release|Any CPU
		{3FCC23A4-5FC4-468E-B7AA-74EFCC9A8937}.Release|Any CPU.Build.0 = Release|Any CPU
		{9A82844C-D5AE-4C64-BE4F-63DF48F67191}.Debug|Any CPU.ActiveCfg = Debug|Any CPU
		{9A82844C-D5AE-4C64-BE4F-63DF48F67191}.Debug|Any CPU.Build.0 = Debug|Any CPU
		{9A82844C-D5AE-4C64-BE4F-63DF48F67191}.Release|Any CPU.ActiveCfg = Release|Any CPU
		{9A82844C-D5AE-4C64-BE4F-63DF48F67191}.Release|Any CPU.Build.0 = Release|Any CPU
		{373D86AD-7DBC-477E-95BE-0EAF78AA966A}.Debug|Any CPU.ActiveCfg = Debug|Any CPU
		{373D86AD-7DBC-477E-95BE-0EAF78AA966A}.Debug|Any CPU.Build.0 = Debug|Any CPU
		{373D86AD-7DBC-477E-95BE-0EAF78AA966A}.Release|Any CPU.ActiveCfg = Release|Any CPU
		{373D86AD-7DBC-477E-95BE-0EAF78AA966A}.Release|Any CPU.Build.0 = Release|Any CPU
		{B9EE68E0-445F-4BA1-9050-162F3F2A3C0B}.Debug|Any CPU.ActiveCfg = Debug|Any CPU
		{B9EE68E0-445F-4BA1-9050-162F3F2A3C0B}.Debug|Any CPU.Build.0 = Debug|Any CPU
		{B9EE68E0-445F-4BA1-9050-162F3F2A3C0B}.Release|Any CPU.ActiveCfg = Release|Any CPU
		{B9EE68E0-445F-4BA1-9050-162F3F2A3C0B}.Release|Any CPU.Build.0 = Release|Any CPU
		{369EAAE3-68BC-428C-98DF-2925B37680AC}.Debug|Any CPU.ActiveCfg = Debug|Any CPU
		{369EAAE3-68BC-428C-98DF-2925B37680AC}.Debug|Any CPU.Build.0 = Debug|Any CPU
		{369EAAE3-68BC-428C-98DF-2925B37680AC}.Release|Any CPU.ActiveCfg = Release|Any CPU
		{369EAAE3-68BC-428C-98DF-2925B37680AC}.Release|Any CPU.Build.0 = Release|Any CPU
		{E3826AAE-403F-4FF3-B7E0-3F63E6954947}.Debug|Any CPU.ActiveCfg = Debug|Any CPU
		{E3826AAE-403F-4FF3-B7E0-3F63E6954947}.Debug|Any CPU.Build.0 = Debug|Any CPU
		{E3826AAE-403F-4FF3-B7E0-3F63E6954947}.Release|Any CPU.ActiveCfg = Release|Any CPU
		{E3826AAE-403F-4FF3-B7E0-3F63E6954947}.Release|Any CPU.Build.0 = Release|Any CPU
		{ABCE3037-83D8-4C83-83D2-EE551B15609B}.Debug|Any CPU.ActiveCfg = Debug|Any CPU
		{ABCE3037-83D8-4C83-83D2-EE551B15609B}.Debug|Any CPU.Build.0 = Debug|Any CPU
		{ABCE3037-83D8-4C83-83D2-EE551B15609B}.Release|Any CPU.ActiveCfg = Release|Any CPU
		{ABCE3037-83D8-4C83-83D2-EE551B15609B}.Release|Any CPU.Build.0 = Release|Any CPU
		{AD1AB333-7013-473C-ABE4-C08D9EA4AF59}.Debug|Any CPU.ActiveCfg = Debug|Any CPU
		{AD1AB333-7013-473C-ABE4-C08D9EA4AF59}.Debug|Any CPU.Build.0 = Debug|Any CPU
		{AD1AB333-7013-473C-ABE4-C08D9EA4AF59}.Release|Any CPU.ActiveCfg = Release|Any CPU
		{AD1AB333-7013-473C-ABE4-C08D9EA4AF59}.Release|Any CPU.Build.0 = Release|Any CPU
		{1842CA1E-1A6B-44A8-BA11-06D112AE4AF1}.Debug|Any CPU.ActiveCfg = Debug|Any CPU
		{1842CA1E-1A6B-44A8-BA11-06D112AE4AF1}.Debug|Any CPU.Build.0 = Debug|Any CPU
		{1842CA1E-1A6B-44A8-BA11-06D112AE4AF1}.Release|Any CPU.ActiveCfg = Release|Any CPU
		{1842CA1E-1A6B-44A8-BA11-06D112AE4AF1}.Release|Any CPU.Build.0 = Release|Any CPU
		{DA4A6187-8D03-4A80-80C6-BCFD39D314EA}.Debug|Any CPU.ActiveCfg = Debug|Any CPU
		{DA4A6187-8D03-4A80-80C6-BCFD39D314EA}.Debug|Any CPU.Build.0 = Debug|Any CPU
		{DA4A6187-8D03-4A80-80C6-BCFD39D314EA}.Release|Any CPU.ActiveCfg = Release|Any CPU
		{DA4A6187-8D03-4A80-80C6-BCFD39D314EA}.Release|Any CPU.Build.0 = Release|Any CPU
		{BCCDB6CE-092B-4B24-8F46-AAC0293BAA3F}.Debug|Any CPU.ActiveCfg = Debug|Any CPU
		{BCCDB6CE-092B-4B24-8F46-AAC0293BAA3F}.Debug|Any CPU.Build.0 = Debug|Any CPU
		{BCCDB6CE-092B-4B24-8F46-AAC0293BAA3F}.Release|Any CPU.ActiveCfg = Release|Any CPU
		{BCCDB6CE-092B-4B24-8F46-AAC0293BAA3F}.Release|Any CPU.Build.0 = Release|Any CPU
		{41D3E156-7D9A-420C-B5B6-444F15F13054}.Debug|Any CPU.ActiveCfg = Debug|Any CPU
		{41D3E156-7D9A-420C-B5B6-444F15F13054}.Debug|Any CPU.Build.0 = Debug|Any CPU
		{41D3E156-7D9A-420C-B5B6-444F15F13054}.Release|Any CPU.ActiveCfg = Release|Any CPU
		{41D3E156-7D9A-420C-B5B6-444F15F13054}.Release|Any CPU.Build.0 = Release|Any CPU
		{76B5DF27-AFC7-4872-98E7-C68D44F0A9AE}.Debug|Any CPU.ActiveCfg = Debug|Any CPU
		{76B5DF27-AFC7-4872-98E7-C68D44F0A9AE}.Debug|Any CPU.Build.0 = Debug|Any CPU
		{76B5DF27-AFC7-4872-98E7-C68D44F0A9AE}.Release|Any CPU.ActiveCfg = Release|Any CPU
		{76B5DF27-AFC7-4872-98E7-C68D44F0A9AE}.Release|Any CPU.Build.0 = Release|Any CPU
		{43074904-8590-40DD-8973-AB6B4CD9FF0E}.Debug|Any CPU.ActiveCfg = Debug|Any CPU
		{43074904-8590-40DD-8973-AB6B4CD9FF0E}.Debug|Any CPU.Build.0 = Debug|Any CPU
		{43074904-8590-40DD-8973-AB6B4CD9FF0E}.Release|Any CPU.ActiveCfg = Release|Any CPU
		{43074904-8590-40DD-8973-AB6B4CD9FF0E}.Release|Any CPU.Build.0 = Release|Any CPU
		{9003BE36-2536-4F74-B4B5-E887FC3AD08F}.Debug|Any CPU.ActiveCfg = Debug|Any CPU
		{9003BE36-2536-4F74-B4B5-E887FC3AD08F}.Debug|Any CPU.Build.0 = Debug|Any CPU
		{9003BE36-2536-4F74-B4B5-E887FC3AD08F}.Release|Any CPU.ActiveCfg = Release|Any CPU
		{9003BE36-2536-4F74-B4B5-E887FC3AD08F}.Release|Any CPU.Build.0 = Release|Any CPU
		{7233DC8B-08B5-4D57-99E5-146424171AE5}.Debug|Any CPU.ActiveCfg = Debug|Any CPU
		{7233DC8B-08B5-4D57-99E5-146424171AE5}.Debug|Any CPU.Build.0 = Debug|Any CPU
		{7233DC8B-08B5-4D57-99E5-146424171AE5}.Release|Any CPU.ActiveCfg = Release|Any CPU
		{7233DC8B-08B5-4D57-99E5-146424171AE5}.Release|Any CPU.Build.0 = Release|Any CPU
		{B9B2348A-C03C-43A9-820C-739506C4A3FB}.Debug|Any CPU.ActiveCfg = Debug|Any CPU
		{B9B2348A-C03C-43A9-820C-739506C4A3FB}.Debug|Any CPU.Build.0 = Debug|Any CPU
		{B9B2348A-C03C-43A9-820C-739506C4A3FB}.Release|Any CPU.ActiveCfg = Release|Any CPU
		{B9B2348A-C03C-43A9-820C-739506C4A3FB}.Release|Any CPU.Build.0 = Release|Any CPU
	EndGlobalSection
	GlobalSection(SolutionProperties) = preSolution
		HideSolutionNode = FALSE
	EndGlobalSection
	GlobalSection(ExtensibilityGlobals) = postSolution
		SolutionGuid = {8677760F-4EBD-4836-9562-7A98A91616AC}
	EndGlobalSection
EndGlobal
